{
  "object": {
    "pins": [
      {
        "package": "Commander",
        "repositoryURL": "https://github.com/kylef/Commander.git",
        "state": {
          "branch": null,
          "revision": "dc97e80a1cf5df6c5768528f039c65ad8c564712",
          "version": "0.9.0"
        }
      },
      {
        "package": "Spectre",
        "repositoryURL": "https://github.com/kylef/Spectre.git",
        "state": {
          "branch": null,
          "revision": "f14ff47f45642aa5703900980b014c2e9394b6e5",
          "version": "0.9.0"
        }
      },
      {
        "package": "SwiftyAtlassian",
        "repositoryURL": "https://github.com/bigwaveclub/SwiftyAtlassian.git",
        "state": {
          "branch": "master",
          "revision": "70775c96c3e2b1e943e350969b1166debf541cb4",
          "version": null
        }
      },
      {
        "package": "SwiftyConfluence",
        "repositoryURL": "https://github.com/bigwaveclub/SwiftyConfluence.git",
        "state": {
          "branch": "tmp/dependency",
          "revision": "8c0283a73ccc3483a14a87d67c942b296ab751db",
          "version": null
        }
      },
      {
        "package": "Yams",
        "repositoryURL": "https://github.com/jpsim/Yams.git",
        "state": {
          "branch": null,
          "revision": "b08dba4bcea978bf1ad37703a384097d3efce5af",
          "version": "1.0.2"
        }
      }
    ]
  },
  "version": 1
}
